
Microsoft Visual Studio Solution File, Format Version 12.00
# Visual Studio Version 16
VisualStudioVersion = 16.0.30011.22
MinimumVisualStudioVersion = 10.0.40219.1
Project("{9A19103F-16F7-4668-BE54-9A1E7A4F7556}") = "cloudready-web", "cloudready-web.csproj", "{48D8BB87-9E03-44F5-8822-C2ED6C93261A}"
EndProject
Project("{FAE04EC0-301F-11D3-BF4B-00C04F79EFBC}") = "cloudready-webapi", "cloudready-webapi\cloudready-webapi.csproj", "{34652393-35A0-4A74-A513-85DBAD2037BC}"
EndProject
Global
	GlobalSection(SolutionConfigurationPlatforms) = preSolution
		Debug|Any CPU = Debug|Any CPU
		Release|Any CPU = Release|Any CPU
	EndGlobalSection
	GlobalSection(ProjectConfigurationPlatforms) = postSolution
		{48D8BB87-9E03-44F5-8822-C2ED6C93261A}.Debug|Any CPU.ActiveCfg = Debug|Any CPU
		{48D8BB87-9E03-44F5-8822-C2ED6C93261A}.Debug|Any CPU.Build.0 = Debug|Any CPU
		{48D8BB87-9E03-44F5-8822-C2ED6C93261A}.Release|Any CPU.ActiveCfg = Release|Any CPU
		{48D8BB87-9E03-44F5-8822-C2ED6C93261A}.Release|Any CPU.Build.0 = Release|Any CPU
		{34652393-35A0-4A74-A513-85DBAD2037BC}.Debug|Any CPU.ActiveCfg = Debug|Any CPU
		{34652393-35A0-4A74-A513-85DBAD2037BC}.Debug|Any CPU.Build.0 = Debug|Any CPU
		{34652393-35A0-4A74-A513-85DBAD2037BC}.Release|Any CPU.ActiveCfg = Release|Any CPU
		{34652393-35A0-4A74-A513-85DBAD2037BC}.Release|Any CPU.Build.0 = Release|Any CPU
	EndGlobalSection
	GlobalSection(SolutionProperties) = preSolution
		HideSolutionNode = FALSE
	EndGlobalSection
	GlobalSection(ExtensibilityGlobals) = postSolution
		SolutionGuid = {BE35FDC0-4CF9-4CEF-8860-DD5F4E1305A2}
	EndGlobalSection
EndGlobal
